// !$*UTF8*$!
{
	archiveVersion = 1;
	classes = {
	};
	objectVersion = 48;
	objects = {

/* Begin PBXBuildFile section */
		05740C101FA4531B00A02FCD /* AppDelegate.swift in Sources */ = {isa = PBXBuildFile; fileRef = 05740C0F1FA4531B00A02FCD /* AppDelegate.swift */; };
		05740C121FA4531B00A02FCD /* ViewController.swift in Sources */ = {isa = PBXBuildFile; fileRef = 05740C111FA4531B00A02FCD /* ViewController.swift */; };
		05740C171FA4531B00A02FCD /* Assets.xcassets in Resources */ = {isa = PBXBuildFile; fileRef = 05740C161FA4531B00A02FCD /* Assets.xcassets */; };
		05740C1A1FA4531B00A02FCD /* LaunchScreen.storyboard in Resources */ = {isa = PBXBuildFile; fileRef = 05740C181FA4531B00A02FCD /* LaunchScreen.storyboard */; };
		05740C221FA4536800A02FCD /* SnowFlakeManager.swift in Sources */ = {isa = PBXBuildFile; fileRef = 05740C211FA4536800A02FCD /* SnowFlakeManager.swift */; };
/* End PBXBuildFile section */

/* Begin PBXFileReference section */
		05740C0C1FA4531B00A02FCD /* SnowFlakeAnimation.app */ = {isa = PBXFileReference; explicitFileType = wrapper.application; includeInIndex = 0; path = SnowFlakeAnimation.app; sourceTree = BUILT_PRODUCTS_DIR; };
		05740C0F1FA4531B00A02FCD /* AppDelegate.swift */ = {isa = PBXFileReference; lastKnownFileType = sourcecode.swift; path = AppDelegate.swift; sourceTree = "<group>"; };
		05740C111FA4531B00A02FCD /* ViewController.swift */ = {isa = PBXFileReference; lastKnownFileType = sourcecode.swift; path = ViewController.swift; sourceTree = "<group>"; };
		05740C161FA4531B00A02FCD /* Assets.xcassets */ = {isa = PBXFileReference; lastKnownFileType = folder.assetcatalog; path = Assets.xcassets; sourceTree = "<group>"; };
		05740C191FA4531B00A02FCD /* Base */ = {isa = PBXFileReference; lastKnownFileType = file.storyboard; name = Base; path = Base.lproj/LaunchScreen.storyboard; sourceTree = "<group>"; };
		05740C1B1FA4531B00A02FCD /* Info.plist */ = {isa = PBXFileReference; lastKnownFileType = text.plist.xml; path = Info.plist; sourceTree = "<group>"; };
		05740C211FA4536800A02FCD /* SnowFlakeManager.swift */ = {isa = PBXFileReference; lastKnownFileType = sourcecode.swift; path = SnowFlakeManager.swift; sourceTree = "<group>"; };
/* End PBXFileReference section */

/* Begin PBXFrameworksBuildPhase section */
		05740C091FA4531B00A02FCD /* Frameworks */ = {
			isa = PBXFrameworksBuildPhase;
			buildActionMask = 2147483647;
			files = (
			);
			runOnlyForDeploymentPostprocessing = 0;
		};
/* End PBXFrameworksBuildPhase section */

/* Begin PBXGroup section */
		05740C031FA4531B00A02FCD = {
			isa = PBXGroup;
			children = (
				05740C0E1FA4531B00A02FCD /* SnowFlakeAnimation */,
				05740C0D1FA4531B00A02FCD /* Products */,
			);
			sourceTree = "<group>";
		};
		05740C0D1FA4531B00A02FCD /* Products */ = {
			isa = PBXGroup;
			children = (
				05740C0C1FA4531B00A02FCD /* SnowFlakeAnimation.app */,
			);
			name = Products;
			sourceTree = "<group>";
		};
		05740C0E1FA4531B00A02FCD /* SnowFlakeAnimation */ = {
			isa = PBXGroup;
			children = (
				05740C0F1FA4531B00A02FCD /* AppDelegate.swift */,
				05740C111FA4531B00A02FCD /* ViewController.swift */,
				05740C161FA4531B00A02FCD /* Assets.xcassets */,
				05740C181FA4531B00A02FCD /* LaunchScreen.storyboard */,
				05740C1B1FA4531B00A02FCD /* Info.plist */,
				05740C211FA4536800A02FCD /* SnowFlakeManager.swift */,
			);
			path = SnowFlakeAnimation;
			sourceTree = "<group>";
		};
/* End PBXGroup section */

/* Begin PBXNativeTarget section */
		05740C0B1FA4531B00A02FCD /* SnowFlakeAnimation */ = {
			isa = PBXNativeTarget;
			buildConfigurationList = 05740C1E1FA4531B00A02FCD /* Build configuration list for PBXNativeTarget "SnowFlakeAnimation" */;
			buildPhases = (
				05740C081FA4531B00A02FCD /* Sources */,
				05740C091FA4531B00A02FCD /* Frameworks */,
				05740C0A1FA4531B00A02FCD /* Resources */,
			);
			buildRules = (
			);
			dependencies = (
			);
			name = SnowFlakeAnimation;
			productName = SnowFlakeAnimation;
			productReference = 05740C0C1FA4531B00A02FCD /* SnowFlakeAnimation.app */;
			productType = "com.apple.product-type.application";
		};
/* End PBXNativeTarget section */

/* Begin PBXProject section */
		05740C041FA4531B00A02FCD /* Project object */ = {
			isa = PBXProject;
			attributes = {
				LastSwiftUpdateCheck = 0900;
				LastUpgradeCheck = 0900;
				ORGANIZATIONNAME = Satinder;
				TargetAttributes = {
					05740C0B1FA4531B00A02FCD = {
						CreatedOnToolsVersion = 9.0.1;
						ProvisioningStyle = Automatic;
					};
				};
			};
			buildConfigurationList = 05740C071FA4531B00A02FCD /* Build configuration list for PBXProject "SnowFlakeAnimation" */;
			compatibilityVersion = "Xcode 8.0";
			developmentRegion = en;
			hasScannedForEncodings = 0;
			knownRegions = (
				en,
				Base,
			);
			mainGroup = 05740C031FA4531B00A02FCD;
			productRefGroup = 05740C0D1FA4531B00A02FCD /* Products */;
			projectDirPath = "";
			projectRoot = "";
			targets = (
				05740C0B1FA4531B00A02FCD /* SnowFlakeAnimation */,
			);
		};
/* End PBXProject section */

/* Begin PBXResourcesBuildPhase section */
		05740C0A1FA4531B00A02FCD /* Resources */ = {
			isa = PBXResourcesBuildPhase;
			buildActionMask = 2147483647;
			files = (
				05740C1A1FA4531B00A02FCD /* LaunchScreen.storyboard in Resources */,
				05740C171FA4531B00A02FCD /* Assets.xcassets in Resources */,
			);
			runOnlyForDeploymentPostprocessing = 0;
		};
/* End PBXResourcesBuildPhase section */

/* Begin PBXSourcesBuildPhase section */
		05740C081FA4531B00A02FCD /* Sources */ = {
			isa = PBXSourcesBuildPhase;
			buildActionMask = 2147483647;
			files = (
				05740C121FA4531B00A02FCD /* ViewController.swift in Sources */,
				05740C221FA4536800A02FCD /* SnowFlakeManager.swift in Sources */,
				05740C101FA4531B00A02FCD /* AppDelegate.swift in Sources */,
			);
			runOnlyForDeploymentPostprocessing = 0;
		};
/* End PBXSourcesBuildPhase section */

/* Begin PBXVariantGroup section */
		05740C181FA4531B00A02FCD /* LaunchScreen.storyboard */ = {
			isa = PBXVariantGroup;
			children = (
				05740C191FA4531B00A02FCD /* Base */,
			);
			name = LaunchScreen.storyboard;
			sourceTree = "<group>";
		};
/* End PBXVariantGroup section */

/* Begin XCBuildConfiguration section */
		05740C1C1FA4531B00A02FCD /* Debug */ = {
			isa = XCBuildConfiguration;
			buildSettings = {
				ALWAYS_SEARCH_USER_PATHS = NO;
				CLANG_ANALYZER_NONNULL = YES;
				CLANG_ANALYZER_NUMBER_OBJECT_CONVERSION = YES_AGGRESSIVE;
				CLANG_CXX_LANGUAGE_STANDARD = "gnu++14";
				CLANG_CXX_LIBRARY = "libc++";
				CLANG_ENABLE_MODULES = YES;
				CLANG_ENABLE_OBJC_ARC = YES;
				CLANG_WARN_BLOCK_CAPTURE_AUTORELEASING = YES;
				CLANG_WARN_BOOL_CONVERSION = YES;
				CLANG_WARN_COMMA = YES;
				CLANG_WARN_CONSTANT_CONVERSION = YES;
				CLANG_WARN_DIRECT_OBJC_ISA_USAGE = YES_ERROR;
				CLANG_WARN_DOCUMENTATION_COMMENTS = YES;
				CLANG_WARN_EMPTY_BODY = YES;
				CLANG_WARN_ENUM_CONVERSION = YES;
				CLANG_WARN_INFINITE_RECURSION = YES;
				CLANG_WARN_INT_CONVERSION = YES;
				CLANG_WARN_NON_LITERAL_NULL_CONVERSION = YES;
				CLANG_WARN_OBJC_LITERAL_CONVERSION = YES;
				CLANG_WARN_OBJC_ROOT_CLASS = YES_ERROR;
				CLANG_WARN_RANGE_LOOP_ANALYSIS = YES;
				CLANG_WARN_STRICT_PROTOTYPES = YES;
				CLANG_WARN_SUSPICIOUS_MOVE = YES;
				CLANG_WARN_UNGUARDED_AVAILABILITY = YES_AGGRESSIVE;
				CLANG_WARN_UNREACHABLE_CODE = YES;
				CLANG_WARN__DUPLICATE_METHOD_MATCH = YES;
				CODE_SIGN_IDENTITY = "iPhone Developer";
				COPY_PHASE_STRIP = NO;
				DEBUG_INFORMATION_FORMAT = dwarf;
				ENABLE_STRICT_OBJC_MSGSEND = YES;
				ENABLE_TESTABILITY = YES;
				GCC_C_LANGUAGE_STANDARD = gnu11;
				GCC_DYNAMIC_NO_PIC = NO;
				GCC_NO_COMMON_BLOCKS = YES;
				GCC_OPTIMIZATION_LEVEL = 0;
				GCC_PREPROCESSOR_DEFINITIONS = (
					"DEBUG=1",
					"$(inherited)",
				);
				GCC_WARN_64_TO_32_BIT_CONVERSION = YES;
				GCC_WARN_ABOUT_RETURN_TYPE = YES_ERROR;
				GCC_WARN_UNDECLARED_SELECTOR = YES;
				GCC_WARN_UNINITIALIZED_AUTOS = YES_AGGRESSIVE;
				GCC_WARN_UNUSED_FUNCTION = YES;
				GCC_WARN_UNUSED_VARIABLE = YES;
				IPHONEOS_DEPLOYMENT_TARGET = 11.0;
				MTL_ENABLE_DEBUG_INFO = YES;
				ONLY_ACTIVE_ARCH = YES;
				SDKROOT = iphoneos;
				SWIFT_ACTIVE_COMPILATION_CONDITIONS = DEBUG;
				SWIFT_OPTIMIZATION_LEVEL = "-Onone";
			};
			name = Debug;
		};
		05740C1D1FA4531B00A02FCD /* Release */ = {
			isa = XCBuildConfiguration;
			buildSettings = {
				ALWAYS_SEARCH_USER_PATHS = NO;
				CLANG_ANALYZER_NONNULL = YES;
				CLANG_ANALYZER_NUMBER_OBJECT_CONVERSION = YES_AGGRESSIVE;
				CLANG_CXX_LANGUAGE_STANDARD = "gnu++14";
				CLANG_CXX_LIBRARY = "libc++";
				CLANG_ENABLE_MODULES = YES;
				CLANG_ENABLE_OBJC_ARC = YES;
				CLANG_WARN_BLOCK_CAPTURE_AUTORELEASING = YES;
				CLANG_WARN_BOOL_CONVERSION = YES;
				CLANG_WARN_COMMA = YES;
				CLANG_WARN_CONSTANT_CONVERSION = YES;
				CLANG_WARN_DIRECT_OBJC_ISA_USAGE = YES_ERROR;
				CLANG_WARN_DOCUMENTATION_COMMENTS = YES;
				CLANG_WARN_EMPTY_BODY = YES;
				CLANG_WARN_ENUM_CONVERSION = YES;
				CLANG_WARN_INFINITE_RECURSION = YES;
				CLANG_WARN_INT_CONVERSION = YES;
				CLANG_WARN_NON_LITERAL_NULL_CONVERSION = YES;
				CLANG_WARN_OBJC_LITERAL_CONVERSION = YES;
				CLANG_WARN_OBJC_ROOT_CLASS = YES_ERROR;
				CLANG_WARN_RANGE_LOOP_ANALYSIS = YES;
				CLANG_WARN_STRICT_PROTOTYPES = YES;
				CLANG_WARN_SUSPICIOUS_MOVE = YES;
				CLANG_WARN_UNGUARDED_AVAILABILITY = YES_AGGRESSIVE;
				CLANG_WARN_UNREACHABLE_CODE = YES;
				CLANG_WARN__DUPLICATE_METHOD_MATCH = YES;
				CODE_SIGN_IDENTITY = "iPhone Developer";
				COPY_PHASE_STRIP = NO;
				DEBUG_INFORMATION_FORMAT = "dwarf-with-dsym";
				ENABLE_NS_ASSERTIONS = NO;
				ENABLE_STRICT_OBJC_MSGSEND = YES;
				GCC_C_LANGUAGE_STANDARD = gnu11;
				GCC_NO_COMMON_BLOCKS = YES;
				GCC_WARN_64_TO_32_BIT_CONVERSION = YES;
				GCC_WARN_ABOUT_RETURN_TYPE = YES_ERROR;
				GCC_WARN_UNDECLARED_SELECTOR = YES;
				GCC_WARN_UNINITIALIZED_AUTOS = YES_AGGRESSIVE;
				GCC_WARN_UNUSED_FUNCTION = YES;
				GCC_WARN_UNUSED_VARIABLE = YES;
				IPHONEOS_DEPLOYMENT_TARGET = 11.0;
				MTL_ENABLE_DEBUG_INFO = NO;
				SDKROOT = iphoneos;
				SWIFT_OPTIMIZATION_LEVEL = "-Owholemodule";
				VALIDATE_PRODUCT = YES;
			};
			name = Release;
		};
		05740C1F1FA4531B00A02FCD /* Debug */ = {
			isa = XCBuildConfiguration;
			buildSettings = {
				ASSETCATALOG_COMPILER_APPICON_NAME = AppIcon;
				CODE_SIGN_STYLE = Automatic;
				DEVELOPMENT_TEAM = K8E5FV5UDT;
				INFOPLIST_FILE = SnowFlakeAnimation/Info.plist;
				LD_RUNPATH_SEARCH_PATHS = "$(inherited) @executable_path/Frameworks";
				PRODUCT_BUNDLE_IDENTIFIER = SS.SnowFlakeAnimation;
				PRODUCT_NAME = "$(TARGET_NAME)";
				SWIFT_VERSION = 4.0;
				TARGETED_DEVICE_FAMILY = "1,2";
			};
			name = Debug;
		};
		05740C201FA4531B00A02FCD /* Release */ = {
			isa = XCBuildConfiguration;
			buildSettings = {
				ASSETCATALOG_COMPILER_APPICON_NAME = AppIcon;
				CODE_SIGN_STYLE = Automatic;
				DEVELOPMENT_TEAM = K8E5FV5UDT;
				INFOPLIST_FILE = SnowFlakeAnimation/Info.plist;
				LD_RUNPATH_SEARCH_PATHS = "$(inherited) @executable_path/Frameworks";
				PRODUCT_BUNDLE_IDENTIFIER = SS.SnowFlakeAnimation;
				PRODUCT_NAME = "$(TARGET_NAME)";
				SWIFT_VERSION = 4.0;
				TARGETED_DEVICE_FAMILY = "1,2";
			};
			name = Release;
		};
/* End XCBuildConfiguration section */

/* Begin XCConfigurationList section */
		05740C071FA4531B00A02FCD /* Build configuration list for PBXProject "SnowFlakeAnimation" */ = {
			isa = XCConfigurationList;
			buildConfigurations = (
				05740C1C1FA4531B00A02FCD /* Debug */,
				05740C1D1FA4531B00A02FCD /* Release */,
			);
			defaultConfigurationIsVisible = 0;
			defaultConfigurationName = Release;
		};
		05740C1E1FA4531B00A02FCD /* Build configuration list for PBXNativeTarget "SnowFlakeAnimation" */ = {
			isa = XCConfigurationList;
			buildConfigurations = (
				05740C1F1FA4531B00A02FCD /* Debug */,
				05740C201FA4531B00A02FCD /* Release */,
			);
			defaultConfigurationIsVisible = 0;
			defaultConfigurationName = Release;
		};
/* End XCConfigurationList section */
	};
	rootObject = 05740C041FA4531B00A02FCD /* Project object */;
}
